
Microsoft Visual Studio Solution File, Format Version 12.00
Project("{2150E333-8FDC-42A3-9474-1A3956D46DE8}") = "src", "src", "{C9AB9ED7-5FAA-47A6-A1A5-A7CD2A54670E}"
EndProject
Project("{2150E333-8FDC-42A3-9474-1A3956D46DE8}") = "Services", "Services", "{56C3FD40-50EB-427C-8AD2-164AC85BB167}"
EndProject
Project("{2150E333-8FDC-42A3-9474-1A3956D46DE8}") = "Web", "Web", "{D5F820E6-DCB4-4ECD-BEF9-2F70EAAA4D7A}"
EndProject
Project("{FAE04EC0-301F-11D3-BF4B-00C04F79EFBC}") = "AuthorizationService", "src\Services\AuthorizationService\AuthorizationService.csproj", "{88922D4F-EDF6-411A-B9FA-359611925336}"
EndProject
Project("{FAE04EC0-301F-11D3-BF4B-00C04F79EFBC}") = "WebSpa", "src\WebSpa\WebSpa.csproj", "{B7185D02-0966-426E-8E3F-857860CEF13D}"
EndProject
Project("{FAE04EC0-301F-11D3-BF4B-00C04F79EFBC}") = "CourseService", "src\Services\CourseService\CourseService.csproj", "{C63F86BB-1B45-4C7B-8FCE-44F978EA1D3A}"
EndProject
Global
	GlobalSection(SolutionConfigurationPlatforms) = preSolution
		Debug|Any CPU = Debug|Any CPU
		Release|Any CPU = Release|Any CPU
	EndGlobalSection
	GlobalSection(NestedProjects) = preSolution
		{56C3FD40-50EB-427C-8AD2-164AC85BB167} = {C9AB9ED7-5FAA-47A6-A1A5-A7CD2A54670E}
		{D5F820E6-DCB4-4ECD-BEF9-2F70EAAA4D7A} = {C9AB9ED7-5FAA-47A6-A1A5-A7CD2A54670E}
		{88922D4F-EDF6-411A-B9FA-359611925336} = {56C3FD40-50EB-427C-8AD2-164AC85BB167}
		{B7185D02-0966-426E-8E3F-857860CEF13D} = {D5F820E6-DCB4-4ECD-BEF9-2F70EAAA4D7A}
		{C63F86BB-1B45-4C7B-8FCE-44F978EA1D3A} = {56C3FD40-50EB-427C-8AD2-164AC85BB167}
	EndGlobalSection
	GlobalSection(ProjectConfigurationPlatforms) = postSolution
		{88922D4F-EDF6-411A-B9FA-359611925336}.Debug|Any CPU.ActiveCfg = Debug|Any CPU
		{88922D4F-EDF6-411A-B9FA-359611925336}.Debug|Any CPU.Build.0 = Debug|Any CPU
		{88922D4F-EDF6-411A-B9FA-359611925336}.Release|Any CPU.ActiveCfg = Release|Any CPU
		{88922D4F-EDF6-411A-B9FA-359611925336}.Release|Any CPU.Build.0 = Release|Any CPU
		{B7185D02-0966-426E-8E3F-857860CEF13D}.Debug|Any CPU.ActiveCfg = Debug|Any CPU
		{B7185D02-0966-426E-8E3F-857860CEF13D}.Debug|Any CPU.Build.0 = Debug|Any CPU
		{B7185D02-0966-426E-8E3F-857860CEF13D}.Release|Any CPU.ActiveCfg = Release|Any CPU
		{B7185D02-0966-426E-8E3F-857860CEF13D}.Release|Any CPU.Build.0 = Release|Any CPU
		{C63F86BB-1B45-4C7B-8FCE-44F978EA1D3A}.Debug|Any CPU.ActiveCfg = Debug|Any CPU
		{C63F86BB-1B45-4C7B-8FCE-44F978EA1D3A}.Debug|Any CPU.Build.0 = Debug|Any CPU
		{C63F86BB-1B45-4C7B-8FCE-44F978EA1D3A}.Release|Any CPU.ActiveCfg = Release|Any CPU
		{C63F86BB-1B45-4C7B-8FCE-44F978EA1D3A}.Release|Any CPU.Build.0 = Release|Any CPU
	EndGlobalSection
EndGlobal
